
Microsoft Visual Studio Solution File, Format Version 12.00
# Visual Studio Version 17
VisualStudioVersion = 17.11.35312.102
MinimumVisualStudioVersion = 10.0.40219.1
Project("{9A19103F-16F7-4668-BE54-9A1E7A4F7556}") = "VirVisEcomerce", "VirVisEcomerce.csproj", "{EE7916D7-A700-484F-8F30-35A4E021E424}"
EndProject
Global
	GlobalSection(SolutionConfigurationPlatforms) = preSolution
		Debug|Any CPU = Debug|Any CPU
		Release|Any CPU = Release|Any CPU
	EndGlobalSection
	GlobalSection(ProjectConfigurationPlatforms) = postSolution
		{EE7916D7-A700-484F-8F30-35A4E021E424}.Debug|Any CPU.ActiveCfg = Debug|Any CPU
		{EE7916D7-A700-484F-8F30-35A4E021E424}.Debug|Any CPU.Build.0 = Debug|Any CPU
		{EE7916D7-A700-484F-8F30-35A4E021E424}.Release|Any CPU.ActiveCfg = Release|Any CPU
		{EE7916D7-A700-484F-8F30-35A4E021E424}.Release|Any CPU.Build.0 = Release|Any CPU
	EndGlobalSection
	GlobalSection(SolutionProperties) = preSolution
		HideSolutionNode = FALSE
	EndGlobalSection
	GlobalSection(ExtensibilityGlobals) = postSolution
		SolutionGuid = {0599FF8C-91FD-482D-9D58-0594EC5D9C94}
	EndGlobalSection
EndGlobal
